
Microsoft Visual Studio Solution File, Format Version 10.00
# Visual Studio Codename Orcas
Project("{FAE04EC0-301F-11D3-BF4B-00C04F79EFBC}") = "Cache", "Cache\Cache.csproj", "{616B4BE1-C145-4E5B-97EC-3E26F457D49A}"
EndProject
Project("{FAE04EC0-301F-11D3-BF4B-00C04F79EFBC}") = "Time", "..\Time\Time.csproj", "{B1712FF5-C8DC-47F7-A223-9025ABA10F42}"
EndProject
Project("{FAE04EC0-301F-11D3-BF4B-00C04F79EFBC}") = "Memcached", "Memcached\Memcached.csproj", "{4770D032-9B06-450D-8B00-7200D8330397}"
EndProject
Project("{2150E333-8FDC-42A3-9474-1A3956D46DE8}") = "Solution Items", "Solution Items", "{CCD4B422-8261-422A-B9C6-6F8D12121CB6}"
	ProjectSection(FolderStartupServices) = postProject
		{B4F97281-0DBD-4835-9ED8-7DFB966E87FF} = {B4F97281-0DBD-4835-9ED8-7DFB966E87FF}
	EndProjectSection
EndProject
Project("{FAE04EC0-301F-11D3-BF4B-00C04F79EFBC}") = "CacheTriggers", "CacheTriggers\CacheTriggers.csproj", "{1FC2B35C-9449-4ABE-8D73-4CC20DA1CD7E}"
EndProject
Project("{FAE04EC0-301F-11D3-BF4B-00C04F79EFBC}") = "CompBugTest", "CompBugTest\CompBugTest.csproj", "{63BFE850-45E1-468F-AF24-3E3EBFE089BF}"
EndProject
Project("{FAE04EC0-301F-11D3-BF4B-00C04F79EFBC}") = "Bobs", "..\..\Bobs\Bobs.csproj", "{4DE1194A-CFBE-4604-ADDA-CE6EC0183345}"
EndProject
Global
	GlobalSection(TeamFoundationVersionControl) = preSolution
		SccNumberOfProjects = 8
		SccEnterpriseProvider = {4CA58AB2-18FA-4F8D-95D4-32DDF27D184C}
		SccTeamFoundationServer = http://corellia:8080/
		SccLocalPath0 = .
		SccProjectUniqueName1 = Cache\\Cache.csproj
		SccProjectName1 = Cache
		SccLocalPath1 = Cache
		SccProjectUniqueName2 = ..\\Time\\Time.csproj
		SccProjectName2 = ../Time
		SccLocalPath2 = ..\\Time
		SccProjectUniqueName3 = Memcached\\Memcached.csproj
		SccProjectName3 = Memcached
		SccLocalPath3 = Memcached
		SccProjectUniqueName4 = BobCacheTests\\BobCacheTests.csproj
		SccProjectName4 = BobCacheTests
		SccLocalPath4 = BobCacheTests
		SccProjectUniqueName5 = CacheTriggers\\CacheTriggers.csproj
		SccProjectName5 = CacheTriggers
		SccLocalPath5 = CacheTriggers
		SccProjectUniqueName6 = CompBugTest\\CompBugTest.csproj
		SccProjectName6 = CompBugTest
		SccLocalPath6 = CompBugTest
		SccProjectUniqueName7 = ..\\..\\Bobs\\Bobs.csproj
		SccProjectName7 = ../../Bobs
		SccLocalPath7 = ..\\..\\Bobs
	EndGlobalSection
	GlobalSection(TextTemplating) = postSolution
		TextTemplating = 1
	EndGlobalSection
	GlobalSection(SolutionConfigurationPlatforms) = preSolution
		Debug|Any CPU = Debug|Any CPU
		Release|Any CPU = Release|Any CPU
	EndGlobalSection
	GlobalSection(ProjectConfigurationPlatforms) = postSolution
		{616B4BE1-C145-4E5B-97EC-3E26F457D49A}.Debug|Any CPU.ActiveCfg = Debug|Any CPU
		{616B4BE1-C145-4E5B-97EC-3E26F457D49A}.Debug|Any CPU.Build.0 = Debug|Any CPU
		{616B4BE1-C145-4E5B-97EC-3E26F457D49A}.Release|Any CPU.ActiveCfg = Release|Any CPU
		{616B4BE1-C145-4E5B-97EC-3E26F457D49A}.Release|Any CPU.Build.0 = Release|Any CPU
		{B1712FF5-C8DC-47F7-A223-9025ABA10F42}.Debug|Any CPU.ActiveCfg = Debug|Any CPU
		{B1712FF5-C8DC-47F7-A223-9025ABA10F42}.Debug|Any CPU.Build.0 = Debug|Any CPU
		{B1712FF5-C8DC-47F7-A223-9025ABA10F42}.Release|Any CPU.ActiveCfg = Release|Any CPU
		{B1712FF5-C8DC-47F7-A223-9025ABA10F42}.Release|Any CPU.Build.0 = Release|Any CPU
		{4770D032-9B06-450D-8B00-7200D8330397}.Debug|Any CPU.ActiveCfg = Debug|Any CPU
		{4770D032-9B06-450D-8B00-7200D8330397}.Debug|Any CPU.Build.0 = Debug|Any CPU
		{4770D032-9B06-450D-8B00-7200D8330397}.Release|Any CPU.ActiveCfg = Release|Any CPU
		{4770D032-9B06-450D-8B00-7200D8330397}.Release|Any CPU.Build.0 = Release|Any CPU
		{1FC2B35C-9449-4ABE-8D73-4CC20DA1CD7E}.Debug|Any CPU.ActiveCfg = Debug|Any CPU
		{1FC2B35C-9449-4ABE-8D73-4CC20DA1CD7E}.Debug|Any CPU.Build.0 = Debug|Any CPU
		{1FC2B35C-9449-4ABE-8D73-4CC20DA1CD7E}.Release|Any CPU.ActiveCfg = Release|Any CPU
		{1FC2B35C-9449-4ABE-8D73-4CC20DA1CD7E}.Release|Any CPU.Build.0 = Release|Any CPU
		{63BFE850-45E1-468F-AF24-3E3EBFE089BF}.Debug|Any CPU.ActiveCfg = Debug|Any CPU
		{63BFE850-45E1-468F-AF24-3E3EBFE089BF}.Debug|Any CPU.Build.0 = Debug|Any CPU
		{63BFE850-45E1-468F-AF24-3E3EBFE089BF}.Release|Any CPU.ActiveCfg = Release|Any CPU
		{63BFE850-45E1-468F-AF24-3E3EBFE089BF}.Release|Any CPU.Build.0 = Release|Any CPU
		{4DE1194A-CFBE-4604-ADDA-CE6EC0183345}.Debug|Any CPU.ActiveCfg = Debug|Any CPU
		{4DE1194A-CFBE-4604-ADDA-CE6EC0183345}.Debug|Any CPU.Build.0 = Debug|Any CPU
		{4DE1194A-CFBE-4604-ADDA-CE6EC0183345}.Release|Any CPU.ActiveCfg = Release|Any CPU
		{4DE1194A-CFBE-4604-ADDA-CE6EC0183345}.Release|Any CPU.Build.0 = Release|Any CPU
	EndGlobalSection
	GlobalSection(SolutionProperties) = preSolution
		HideSolutionNode = FALSE
	EndGlobalSection
EndGlobal
